
Microsoft Visual Studio Solution File, Format Version 12.00
# Visual Studio Version 17
VisualStudioVersion = 17.7.34202.233
MinimumVisualStudioVersion = 10.0.40219.1
Project("{9A19103F-16F7-4668-BE54-9A1E7A4F7556}") = "MusicItemAPI", "MusicItemAPI.csproj", "{9DF82F0D-C734-4D4A-8ED1-CCE3AB568535}"
EndProject
Global
	GlobalSection(SolutionConfigurationPlatforms) = preSolution
		Debug|Any CPU = Debug|Any CPU
		Release|Any CPU = Release|Any CPU
	EndGlobalSection
	GlobalSection(ProjectConfigurationPlatforms) = postSolution
		{9DF82F0D-C734-4D4A-8ED1-CCE3AB568535}.Debug|Any CPU.ActiveCfg = Debug|Any CPU
		{9DF82F0D-C734-4D4A-8ED1-CCE3AB568535}.Debug|Any CPU.Build.0 = Debug|Any CPU
		{9DF82F0D-C734-4D4A-8ED1-CCE3AB568535}.Release|Any CPU.ActiveCfg = Release|Any CPU
		{9DF82F0D-C734-4D4A-8ED1-CCE3AB568535}.Release|Any CPU.Build.0 = Release|Any CPU
	EndGlobalSection
	GlobalSection(SolutionProperties) = preSolution
		HideSolutionNode = FALSE
	EndGlobalSection
	GlobalSection(ExtensibilityGlobals) = postSolution
		SolutionGuid = {38B39F0B-0B19-4A0F-8654-78192D25CFE7}
	EndGlobalSection
EndGlobal
